// !$*UTF8*$!
{
	archiveVersion = 1;
	classes = {
	};
	objectVersion = 50;
	objects = {

/* Begin PBXBuildFile section */
		5E7CF5C525B9A08F003ADEDC /* AppDelegate.swift in Sources */ = {isa = PBXBuildFile; fileRef = 5E7CF5C425B9A08F003ADEDC /* AppDelegate.swift */; };
		5E7CF5C725B9A08F003ADEDC /* SceneDelegate.swift in Sources */ = {isa = PBXBuildFile; fileRef = 5E7CF5C625B9A08F003ADEDC /* SceneDelegate.swift */; };
		5E7CF5CC25B9A08F003ADEDC /* Main.storyboard in Resources */ = {isa = PBXBuildFile; fileRef = 5E7CF5CA25B9A08F003ADEDC /* Main.storyboard */; };
		5E7CF5CE25B9A090003ADEDC /* Assets.xcassets in Resources */ = {isa = PBXBuildFile; fileRef = 5E7CF5CD25B9A090003ADEDC /* Assets.xcassets */; };
		5E7CF5D125B9A090003ADEDC /* LaunchScreen.storyboard in Resources */ = {isa = PBXBuildFile; fileRef = 5E7CF5CF25B9A090003ADEDC /* LaunchScreen.storyboard */; };
		5E7CF5DF25B9ABA3003ADEDC /* LogInViewController.swift in Sources */ = {isa = PBXBuildFile; fileRef = 5E7CF5DE25B9ABA3003ADEDC /* LogInViewController.swift */; };
		5E7CF5E225B9AC62003ADEDC /* AuthenticationManager.swift in Sources */ = {isa = PBXBuildFile; fileRef = 5E7CF5E125B9AC62003ADEDC /* AuthenticationManager.swift */; };
		5E7CF5E525B9D4F0003ADEDC /* KeyChain.swift in Sources */ = {isa = PBXBuildFile; fileRef = 5E7CF5E425B9D4F0003ADEDC /* KeyChain.swift */; };
		5E7CF5E825B9DBE7003ADEDC /* UserDataModel.swift in Sources */ = {isa = PBXBuildFile; fileRef = 5E7CF5E725B9DBE7003ADEDC /* UserDataModel.swift */; };
		5E7CF5EB25B9E481003ADEDC /* LogOutViewController.swift in Sources */ = {isa = PBXBuildFile; fileRef = 5E7CF5EA25B9E481003ADEDC /* LogOutViewController.swift */; };
		5E7CF5F825BA109F003ADEDC /* Extensions.swift in Sources */ = {isa = PBXBuildFile; fileRef = 5E7CF5F725BA109F003ADEDC /* Extensions.swift */; };
/* End PBXBuildFile section */

/* Begin PBXFileReference section */
		5E7CF5C125B9A08F003ADEDC /* TestTaskLogIn.app */ = {isa = PBXFileReference; explicitFileType = wrapper.application; includeInIndex = 0; path = TestTaskLogIn.app; sourceTree = BUILT_PRODUCTS_DIR; };
		5E7CF5C425B9A08F003ADEDC /* AppDelegate.swift */ = {isa = PBXFileReference; lastKnownFileType = sourcecode.swift; path = AppDelegate.swift; sourceTree = "<group>"; };
		5E7CF5C625B9A08F003ADEDC /* SceneDelegate.swift */ = {isa = PBXFileReference; lastKnownFileType = sourcecode.swift; path = SceneDelegate.swift; sourceTree = "<group>"; };
		5E7CF5CB25B9A08F003ADEDC /* Base */ = {isa = PBXFileReference; lastKnownFileType = file.storyboard; name = Base; path = Base.lproj/Main.storyboard; sourceTree = "<group>"; };
		5E7CF5CD25B9A090003ADEDC /* Assets.xcassets */ = {isa = PBXFileReference; lastKnownFileType = folder.assetcatalog; path = Assets.xcassets; sourceTree = "<group>"; };
		5E7CF5D025B9A090003ADEDC /* Base */ = {isa = PBXFileReference; lastKnownFileType = file.storyboard; name = Base; path = Base.lproj/LaunchScreen.storyboard; sourceTree = "<group>"; };
		5E7CF5D225B9A090003ADEDC /* Info.plist */ = {isa = PBXFileReference; lastKnownFileType = text.plist.xml; path = Info.plist; sourceTree = "<group>"; };
		5E7CF5DE25B9ABA3003ADEDC /* LogInViewController.swift */ = {isa = PBXFileReference; lastKnownFileType = sourcecode.swift; path = LogInViewController.swift; sourceTree = "<group>"; };
		5E7CF5E125B9AC62003ADEDC /* AuthenticationManager.swift */ = {isa = PBXFileReference; lastKnownFileType = sourcecode.swift; path = AuthenticationManager.swift; sourceTree = "<group>"; };
		5E7CF5E425B9D4F0003ADEDC /* KeyChain.swift */ = {isa = PBXFileReference; lastKnownFileType = sourcecode.swift; path = KeyChain.swift; sourceTree = "<group>"; };
		5E7CF5E725B9DBE7003ADEDC /* UserDataModel.swift */ = {isa = PBXFileReference; lastKnownFileType = sourcecode.swift; path = UserDataModel.swift; sourceTree = "<group>"; };
		5E7CF5EA25B9E481003ADEDC /* LogOutViewController.swift */ = {isa = PBXFileReference; lastKnownFileType = sourcecode.swift; path = LogOutViewController.swift; sourceTree = "<group>"; };
		5E7CF5F725BA109F003ADEDC /* Extensions.swift */ = {isa = PBXFileReference; lastKnownFileType = sourcecode.swift; path = Extensions.swift; sourceTree = "<group>"; };
/* End PBXFileReference section */

/* Begin PBXFrameworksBuildPhase section */
		5E7CF5BE25B9A08F003ADEDC /* Frameworks */ = {
			isa = PBXFrameworksBuildPhase;
			buildActionMask = 2147483647;
			files = (
			);
			runOnlyForDeploymentPostprocessing = 0;
		};
/* End PBXFrameworksBuildPhase section */

/* Begin PBXGroup section */
		5E7CF5B825B9A08F003ADEDC = {
			isa = PBXGroup;
			children = (
				5E7CF5C325B9A08F003ADEDC /* TestTaskLogIn */,
				5E7CF5C225B9A08F003ADEDC /* Products */,
			);
			sourceTree = "<group>";
		};
		5E7CF5C225B9A08F003ADEDC /* Products */ = {
			isa = PBXGroup;
			children = (
				5E7CF5C125B9A08F003ADEDC /* TestTaskLogIn.app */,
			);
			name = Products;
			sourceTree = "<group>";
		};
		5E7CF5C325B9A08F003ADEDC /* TestTaskLogIn */ = {
			isa = PBXGroup;
			children = (
				5E7CF5C425B9A08F003ADEDC /* AppDelegate.swift */,
				5E7CF5C625B9A08F003ADEDC /* SceneDelegate.swift */,
				5E7CF5F325BA103E003ADEDC /* Models */,
				5E7CF5EF25BA100A003ADEDC /* Networking */,
				5E7CF5ED25BA0FE8003ADEDC /* View */,
				5E7CF5F125BA1027003ADEDC /* Controllers */,
				5E7CF5F525BA107B003ADEDC /* Settings */,
				5E7CF5CD25B9A090003ADEDC /* Assets.xcassets */,
				5E7CF5D225B9A090003ADEDC /* Info.plist */,
			);
			path = TestTaskLogIn;
			sourceTree = "<group>";
		};
		5E7CF5ED25BA0FE8003ADEDC /* View */ = {
			isa = PBXGroup;
			children = (
				5E7CF5CA25B9A08F003ADEDC /* Main.storyboard */,
				5E7CF5CF25B9A090003ADEDC /* LaunchScreen.storyboard */,
			);
			path = View;
			sourceTree = "<group>";
		};
		5E7CF5EF25BA100A003ADEDC /* Networking */ = {
			isa = PBXGroup;
			children = (
				5E7CF5E125B9AC62003ADEDC /* AuthenticationManager.swift */,
			);
			path = Networking;
			sourceTree = "<group>";
		};
		5E7CF5F125BA1027003ADEDC /* Controllers */ = {
			isa = PBXGroup;
			children = (
				5E7CF5EA25B9E481003ADEDC /* LogOutViewController.swift */,
				5E7CF5DE25B9ABA3003ADEDC /* LogInViewController.swift */,
			);
			path = Controllers;
			sourceTree = "<group>";
		};
		5E7CF5F325BA103E003ADEDC /* Models */ = {
			isa = PBXGroup;
			children = (
				5E7CF5E725B9DBE7003ADEDC /* UserDataModel.swift */,
			);
			path = Models;
			sourceTree = "<group>";
		};
		5E7CF5F525BA107B003ADEDC /* Settings */ = {
			isa = PBXGroup;
			children = (
				5E7CF5E425B9D4F0003ADEDC /* KeyChain.swift */,
				5E7CF5F725BA109F003ADEDC /* Extensions.swift */,
			);
			path = Settings;
			sourceTree = "<group>";
		};
/* End PBXGroup section */

/* Begin PBXNativeTarget section */
		5E7CF5C025B9A08F003ADEDC /* TestTaskLogIn */ = {
			isa = PBXNativeTarget;
			buildConfigurationList = 5E7CF5D525B9A090003ADEDC /* Build configuration list for PBXNativeTarget "TestTaskLogIn" */;
			buildPhases = (
				5E7CF5BD25B9A08F003ADEDC /* Sources */,
				5E7CF5BE25B9A08F003ADEDC /* Frameworks */,
				5E7CF5BF25B9A08F003ADEDC /* Resources */,
			);
			buildRules = (
			);
			dependencies = (
			);
			name = TestTaskLogIn;
			productName = TestTaskLogIn;
			productReference = 5E7CF5C125B9A08F003ADEDC /* TestTaskLogIn.app */;
			productType = "com.apple.product-type.application";
		};
/* End PBXNativeTarget section */

/* Begin PBXProject section */
		5E7CF5B925B9A08F003ADEDC /* Project object */ = {
			isa = PBXProject;
			attributes = {
				LastSwiftUpdateCheck = 1230;
				LastUpgradeCheck = 1230;
				TargetAttributes = {
					5E7CF5C025B9A08F003ADEDC = {
						CreatedOnToolsVersion = 12.3;
					};
				};
			};
			buildConfigurationList = 5E7CF5BC25B9A08F003ADEDC /* Build configuration list for PBXProject "TestTaskLogIn" */;
			compatibilityVersion = "Xcode 9.3";
			developmentRegion = en;
			hasScannedForEncodings = 0;
			knownRegions = (
				en,
				Base,
			);
			mainGroup = 5E7CF5B825B9A08F003ADEDC;
			productRefGroup = 5E7CF5C225B9A08F003ADEDC /* Products */;
			projectDirPath = "";
			projectRoot = "";
			targets = (
				5E7CF5C025B9A08F003ADEDC /* TestTaskLogIn */,
			);
		};
/* End PBXProject section */

/* Begin PBXResourcesBuildPhase section */
		5E7CF5BF25B9A08F003ADEDC /* Resources */ = {
			isa = PBXResourcesBuildPhase;
			buildActionMask = 2147483647;
			files = (
				5E7CF5D125B9A090003ADEDC /* LaunchScreen.storyboard in Resources */,
				5E7CF5CE25B9A090003ADEDC /* Assets.xcassets in Resources */,
				5E7CF5CC25B9A08F003ADEDC /* Main.storyboard in Resources */,
			);
			runOnlyForDeploymentPostprocessing = 0;
		};
/* End PBXResourcesBuildPhase section */

/* Begin PBXSourcesBuildPhase section */
		5E7CF5BD25B9A08F003ADEDC /* Sources */ = {
			isa = PBXSourcesBuildPhase;
			buildActionMask = 2147483647;
			files = (
				5E7CF5E825B9DBE7003ADEDC /* UserDataModel.swift in Sources */,
				5E7CF5C525B9A08F003ADEDC /* AppDelegate.swift in Sources */,
				5E7CF5E225B9AC62003ADEDC /* AuthenticationManager.swift in Sources */,
				5E7CF5F825BA109F003ADEDC /* Extensions.swift in Sources */,
				5E7CF5E525B9D4F0003ADEDC /* KeyChain.swift in Sources */,
				5E7CF5C725B9A08F003ADEDC /* SceneDelegate.swift in Sources */,
				5E7CF5DF25B9ABA3003ADEDC /* LogInViewController.swift in Sources */,
				5E7CF5EB25B9E481003ADEDC /* LogOutViewController.swift in Sources */,
			);
			runOnlyForDeploymentPostprocessing = 0;
		};
/* End PBXSourcesBuildPhase section */

/* Begin PBXVariantGroup section */
		5E7CF5CA25B9A08F003ADEDC /* Main.storyboard */ = {
			isa = PBXVariantGroup;
			children = (
				5E7CF5CB25B9A08F003ADEDC /* Base */,
			);
			name = Main.storyboard;
			sourceTree = "<group>";
		};
		5E7CF5CF25B9A090003ADEDC /* LaunchScreen.storyboard */ = {
			isa = PBXVariantGroup;
			children = (
				5E7CF5D025B9A090003ADEDC /* Base */,
			);
			name = LaunchScreen.storyboard;
			sourceTree = "<group>";
		};
/* End PBXVariantGroup section */

/* Begin XCBuildConfiguration section */
		5E7CF5D325B9A090003ADEDC /* Debug */ = {
			isa = XCBuildConfiguration;
			buildSettings = {
				ALWAYS_SEARCH_USER_PATHS = NO;
				CLANG_ANALYZER_NONNULL = YES;
				CLANG_ANALYZER_NUMBER_OBJECT_CONVERSION = YES_AGGRESSIVE;
				CLANG_CXX_LANGUAGE_STANDARD = "gnu++14";
				CLANG_CXX_LIBRARY = "libc++";
				CLANG_ENABLE_MODULES = YES;
				CLANG_ENABLE_OBJC_ARC = YES;
				CLANG_ENABLE_OBJC_WEAK = YES;
				CLANG_WARN_BLOCK_CAPTURE_AUTORELEASING = YES;
				CLANG_WARN_BOOL_CONVERSION = YES;
				CLANG_WARN_COMMA = YES;
				CLANG_WARN_CONSTANT_CONVERSION = YES;
				CLANG_WARN_DEPRECATED_OBJC_IMPLEMENTATIONS = YES;
				CLANG_WARN_DIRECT_OBJC_ISA_USAGE = YES_ERROR;
				CLANG_WARN_DOCUMENTATION_COMMENTS = YES;
				CLANG_WARN_EMPTY_BODY = YES;
				CLANG_WARN_ENUM_CONVERSION = YES;
				CLANG_WARN_INFINITE_RECURSION = YES;
				CLANG_WARN_INT_CONVERSION = YES;
				CLANG_WARN_NON_LITERAL_NULL_CONVERSION = YES;
				CLANG_WARN_OBJC_IMPLICIT_RETAIN_SELF = YES;
				CLANG_WARN_OBJC_LITERAL_CONVERSION = YES;
				CLANG_WARN_OBJC_ROOT_CLASS = YES_ERROR;
				CLANG_WARN_QUOTED_INCLUDE_IN_FRAMEWORK_HEADER = YES;
				CLANG_WARN_RANGE_LOOP_ANALYSIS = YES;
				CLANG_WARN_STRICT_PROTOTYPES = YES;
				CLANG_WARN_SUSPICIOUS_MOVE = YES;
				CLANG_WARN_UNGUARDED_AVAILABILITY = YES_AGGRESSIVE;
				CLANG_WARN_UNREACHABLE_CODE = YES;
				CLANG_WARN__DUPLICATE_METHOD_MATCH = YES;
				COPY_PHASE_STRIP = NO;
				DEBUG_INFORMATION_FORMAT = dwarf;
				ENABLE_STRICT_OBJC_MSGSEND = YES;
				ENABLE_TESTABILITY = YES;
				GCC_C_LANGUAGE_STANDARD = gnu11;
				GCC_DYNAMIC_NO_PIC = NO;
				GCC_NO_COMMON_BLOCKS = YES;
				GCC_OPTIMIZATION_LEVEL = 0;
				GCC_PREPROCESSOR_DEFINITIONS = (
					"DEBUG=1",
					"$(inherited)",
				);
				GCC_WARN_64_TO_32_BIT_CONVERSION = YES;
				GCC_WARN_ABOUT_RETURN_TYPE = YES_ERROR;
				GCC_WARN_UNDECLARED_SELECTOR = YES;
				GCC_WARN_UNINITIALIZED_AUTOS = YES_AGGRESSIVE;
				GCC_WARN_UNUSED_FUNCTION = YES;
				GCC_WARN_UNUSED_VARIABLE = YES;
				IPHONEOS_DEPLOYMENT_TARGET = 14.3;
				MTL_ENABLE_DEBUG_INFO = INCLUDE_SOURCE;
				MTL_FAST_MATH = YES;
				ONLY_ACTIVE_ARCH = YES;
				SDKROOT = iphoneos;
				SWIFT_ACTIVE_COMPILATION_CONDITIONS = DEBUG;
				SWIFT_OPTIMIZATION_LEVEL = "-Onone";
			};
			name = Debug;
		};
		5E7CF5D425B9A090003ADEDC /* Release */ = {
			isa = XCBuildConfiguration;
			buildSettings = {
				ALWAYS_SEARCH_USER_PATHS = NO;
				CLANG_ANALYZER_NONNULL = YES;
				CLANG_ANALYZER_NUMBER_OBJECT_CONVERSION = YES_AGGRESSIVE;
				CLANG_CXX_LANGUAGE_STANDARD = "gnu++14";
				CLANG_CXX_LIBRARY = "libc++";
				CLANG_ENABLE_MODULES = YES;
				CLANG_ENABLE_OBJC_ARC = YES;
				CLANG_ENABLE_OBJC_WEAK = YES;
				CLANG_WARN_BLOCK_CAPTURE_AUTORELEASING = YES;
				CLANG_WARN_BOOL_CONVERSION = YES;
				CLANG_WARN_COMMA = YES;
				CLANG_WARN_CONSTANT_CONVERSION = YES;
				CLANG_WARN_DEPRECATED_OBJC_IMPLEMENTATIONS = YES;
				CLANG_WARN_DIRECT_OBJC_ISA_USAGE = YES_ERROR;
				CLANG_WARN_DOCUMENTATION_COMMENTS = YES;
				CLANG_WARN_EMPTY_BODY = YES;
				CLANG_WARN_ENUM_CONVERSION = YES;
				CLANG_WARN_INFINITE_RECURSION = YES;
				CLANG_WARN_INT_CONVERSION = YES;
				CLANG_WARN_NON_LITERAL_NULL_CONVERSION = YES;
				CLANG_WARN_OBJC_IMPLICIT_RETAIN_SELF = YES;
				CLANG_WARN_OBJC_LITERAL_CONVERSION = YES;
				CLANG_WARN_OBJC_ROOT_CLASS = YES_ERROR;
				CLANG_WARN_QUOTED_INCLUDE_IN_FRAMEWORK_HEADER = YES;
				CLANG_WARN_RANGE_LOOP_ANALYSIS = YES;
				CLANG_WARN_STRICT_PROTOTYPES = YES;
				CLANG_WARN_SUSPICIOUS_MOVE = YES;
				CLANG_WARN_UNGUARDED_AVAILABILITY = YES_AGGRESSIVE;
				CLANG_WARN_UNREACHABLE_CODE = YES;
				CLANG_WARN__DUPLICATE_METHOD_MATCH = YES;
				COPY_PHASE_STRIP = NO;
				DEBUG_INFORMATION_FORMAT = "dwarf-with-dsym";
				ENABLE_NS_ASSERTIONS = NO;
				ENABLE_STRICT_OBJC_MSGSEND = YES;
				GCC_C_LANGUAGE_STANDARD = gnu11;
				GCC_NO_COMMON_BLOCKS = YES;
				GCC_WARN_64_TO_32_BIT_CONVERSION = YES;
				GCC_WARN_ABOUT_RETURN_TYPE = YES_ERROR;
				GCC_WARN_UNDECLARED_SELECTOR = YES;
				GCC_WARN_UNINITIALIZED_AUTOS = YES_AGGRESSIVE;
				GCC_WARN_UNUSED_FUNCTION = YES;
				GCC_WARN_UNUSED_VARIABLE = YES;
				IPHONEOS_DEPLOYMENT_TARGET = 14.3;
				MTL_ENABLE_DEBUG_INFO = NO;
				MTL_FAST_MATH = YES;
				SDKROOT = iphoneos;
				SWIFT_COMPILATION_MODE = wholemodule;
				SWIFT_OPTIMIZATION_LEVEL = "-O";
				VALIDATE_PRODUCT = YES;
			};
			name = Release;
		};
		5E7CF5D625B9A090003ADEDC /* Debug */ = {
			isa = XCBuildConfiguration;
			buildSettings = {
				ASSETCATALOG_COMPILER_APPICON_NAME = AppIcon;
				ASSETCATALOG_COMPILER_GLOBAL_ACCENT_COLOR_NAME = AccentColor;
				CODE_SIGN_STYLE = Automatic;
				INFOPLIST_FILE = TestTaskLogIn/Info.plist;
				LD_RUNPATH_SEARCH_PATHS = (
					"$(inherited)",
					"@executable_path/Frameworks",
				);
				PRODUCT_BUNDLE_IDENTIFIER = VM.TestTaskLogIn;
				PRODUCT_NAME = "$(TARGET_NAME)";
				SWIFT_VERSION = 5.0;
				TARGETED_DEVICE_FAMILY = "1,2";
			};
			name = Debug;
		};
		5E7CF5D725B9A090003ADEDC /* Release */ = {
			isa = XCBuildConfiguration;
			buildSettings = {
				ASSETCATALOG_COMPILER_APPICON_NAME = AppIcon;
				ASSETCATALOG_COMPILER_GLOBAL_ACCENT_COLOR_NAME = AccentColor;
				CODE_SIGN_STYLE = Automatic;
				INFOPLIST_FILE = TestTaskLogIn/Info.plist;
				LD_RUNPATH_SEARCH_PATHS = (
					"$(inherited)",
					"@executable_path/Frameworks",
				);
				PRODUCT_BUNDLE_IDENTIFIER = VM.TestTaskLogIn;
				PRODUCT_NAME = "$(TARGET_NAME)";
				SWIFT_VERSION = 5.0;
				TARGETED_DEVICE_FAMILY = "1,2";
			};
			name = Release;
		};
/* End XCBuildConfiguration section */

/* Begin XCConfigurationList section */
		5E7CF5BC25B9A08F003ADEDC /* Build configuration list for PBXProject "TestTaskLogIn" */ = {
			isa = XCConfigurationList;
			buildConfigurations = (
				5E7CF5D325B9A090003ADEDC /* Debug */,
				5E7CF5D425B9A090003ADEDC /* Release */,
			);
			defaultConfigurationIsVisible = 0;
			defaultConfigurationName = Release;
		};
		5E7CF5D525B9A090003ADEDC /* Build configuration list for PBXNativeTarget "TestTaskLogIn" */ = {
			isa = XCConfigurationList;
			buildConfigurations = (
				5E7CF5D625B9A090003ADEDC /* Debug */,
				5E7CF5D725B9A090003ADEDC /* Release */,
			);
			defaultConfigurationIsVisible = 0;
			defaultConfigurationName = Release;
		};
/* End XCConfigurationList section */
	};
	rootObject = 5E7CF5B925B9A08F003ADEDC /* Project object */;
}
